
Microsoft Visual Studio Solution File, Format Version 12.00
# Visual Studio 15
VisualStudioVersion = 15.0.28010.2036
MinimumVisualStudioVersion = 10.0.40219.1
Project("{8BC9CEB8-8B4A-11D0-8D11-00A0C91BC942}") = "HW", "HW\HW.vcxproj", "{DE625AF5-F7D9-4AF2-A21F-2E2843BB7CD4}"
EndProject
Global
	GlobalSection(SolutionConfigurationPlatforms) = preSolution
		Debug|x64 = Debug|x64
		Debug|x86 = Debug|x86
		Release|x64 = Release|x64
		Release|x86 = Release|x86
	EndGlobalSection
	GlobalSection(ProjectConfigurationPlatforms) = postSolution
		{DE625AF5-F7D9-4AF2-A21F-2E2843BB7CD4}.Debug|x64.ActiveCfg = Debug|x64
		{DE625AF5-F7D9-4AF2-A21F-2E2843BB7CD4}.Debug|x64.Build.0 = Debug|x64
		{DE625AF5-F7D9-4AF2-A21F-2E2843BB7CD4}.Debug|x86.ActiveCfg = Debug|Win32
		{DE625AF5-F7D9-4AF2-A21F-2E2843BB7CD4}.Debug|x86.Build.0 = Debug|Win32
		{DE625AF5-F7D9-4AF2-A21F-2E2843BB7CD4}.Release|x64.ActiveCfg = Release|x64
		{DE625AF5-F7D9-4AF2-A21F-2E2843BB7CD4}.Release|x64.Build.0 = Release|x64
		{DE625AF5-F7D9-4AF2-A21F-2E2843BB7CD4}.Release|x86.ActiveCfg = Release|Win32
		{DE625AF5-F7D9-4AF2-A21F-2E2843BB7CD4}.Release|x86.Build.0 = Release|Win32
	EndGlobalSection
	GlobalSection(SolutionProperties) = preSolution
		HideSolutionNode = FALSE
	EndGlobalSection
	GlobalSection(ExtensibilityGlobals) = postSolution
		SolutionGuid = {6F6C7F39-BB55-482F-AC8B-F001CB9B30F1}
	EndGlobalSection
EndGlobal
