
Microsoft Visual Studio Solution File, Format Version 12.00
# Visual Studio 15
VisualStudioVersion = 15.0.28010.2036
MinimumVisualStudioVersion = 10.0.40219.1
Project("{8BC9CEB8-8B4A-11D0-8D11-00A0C91BC942}") = "HW", "HW\HW.vcxproj", "{19420DA4-38F8-4205-B22A-9397B5DA3507}"
EndProject
Global
	GlobalSection(SolutionConfigurationPlatforms) = preSolution
		Debug|x64 = Debug|x64
		Debug|x86 = Debug|x86
		Release|x64 = Release|x64
		Release|x86 = Release|x86
	EndGlobalSection
	GlobalSection(ProjectConfigurationPlatforms) = postSolution
		{19420DA4-38F8-4205-B22A-9397B5DA3507}.Debug|x64.ActiveCfg = Debug|x64
		{19420DA4-38F8-4205-B22A-9397B5DA3507}.Debug|x64.Build.0 = Debug|x64
		{19420DA4-38F8-4205-B22A-9397B5DA3507}.Debug|x86.ActiveCfg = Debug|Win32
		{19420DA4-38F8-4205-B22A-9397B5DA3507}.Debug|x86.Build.0 = Debug|Win32
		{19420DA4-38F8-4205-B22A-9397B5DA3507}.Release|x64.ActiveCfg = Release|x64
		{19420DA4-38F8-4205-B22A-9397B5DA3507}.Release|x64.Build.0 = Release|x64
		{19420DA4-38F8-4205-B22A-9397B5DA3507}.Release|x86.ActiveCfg = Release|Win32
		{19420DA4-38F8-4205-B22A-9397B5DA3507}.Release|x86.Build.0 = Release|Win32
	EndGlobalSection
	GlobalSection(SolutionProperties) = preSolution
		HideSolutionNode = FALSE
	EndGlobalSection
	GlobalSection(ExtensibilityGlobals) = postSolution
		SolutionGuid = {90D57BE8-6C07-4329-9CE7-D6030A85B455}
	EndGlobalSection
EndGlobal
